#MicroXplorer Configuration settings - do not modify
Mcu.Family=STM32F0
PA6.GPIOParameters=GPIO_PuPd
ProjectManager.MainLocation=Src
PA6.Mode=Full_Duplex_Master
ProjectManager.ProjectFileName=LTC6946_v0_1.ioc
PA7.Mode=Full_Duplex_Master
ProjectManager.KeepUserCode=true
PA10.Mode=Asynchronous
Mcu.UserName=STM32F051K4Tx
PA15.GPIOParameters=GPIO_Label
Mcu.PinsNb=17
SPI1.VirtualType=VM_MASTER
ProjectManager.NoMain=false
SPI1.IPParameters=VirtualType,Mode,Direction,CalculateBaudRate,BaudRatePrescaler,DataSize
RCC.PLLCLKFreq_Value=8000000
ProjectManager.functionlistsort=1-MX_GPIO_Init-GPIO-false-HAL-true,2-SystemClock_Config-RCC-false-HAL-false,3-MX_DAC1_Init-DAC1-false-HAL-true,4-MX_SPI1_Init-SPI1-false-HAL-true,5-MX_USART1_UART_Init-USART1-false-HAL-true
ProjectManager.DefaultFWLocation=true
PB0.GPIO_Label=SPI1_CS
NVIC.SVC_IRQn=true\:0\:0\:false\:false\:true\:false\:false
ProjectManager.DeletePrevious=true
USART1.IPParameters=VirtualMode-Asynchronous
PinOutPanel.RotationAngle=0
RCC.FamilyName=M
ProjectManager.StackSize=0x400
PB5.GPIOParameters=GPIO_Label
USART1.VirtualMode-Asynchronous=VM_ASYNC
PA13.Signal=SYS_SWDIO
Mcu.IP4=SYS
Mcu.IP5=USART1
Mcu.IP2=RCC
Mcu.IP3=SPI1
PB4.GPIOParameters=GPIO_Label
PA15.GPIO_Label=DEBUG2
Mcu.IP0=DAC1
PA9.Mode=Asynchronous
PA15.Locked=true
Mcu.IP1=NVIC
PA8.GPIO_Label=TX_EN
Mcu.UserConstants=
ProjectManager.TargetToolchain=MDK-ARM V5
Mcu.ThirdPartyNb=0
SH.COMP_DAC11_group.0=DAC1_OUT1,DAC_OUT1
SPI1.Direction=SPI_DIRECTION_2LINES
PB7.GPIOParameters=GPIO_Label
Mcu.IPNb=6
ProjectManager.PreviousToolchain=
PA9.Signal=USART1_TX
PB5.Locked=true
SPI1.CalculateBaudRate=1000.0 KBits/s
PA8.GPIOParameters=GPIO_Label
Mcu.Pin6=PA8
Mcu.Pin7=PA9
ProjectManager.RegisterCallBack=
Mcu.Pin8=PA10
Mcu.Pin9=PA13
Mcu.Pin0=PA4
PB1.Locked=true
Mcu.Pin1=PA5
Mcu.Pin2=PA6
Mcu.Pin3=PA7
Mcu.Pin4=PB0
Mcu.Pin5=PB1
PA5.Signal=SPI1_SCK
ProjectManager.ProjectBuild=false
PA8.Locked=true
board=LTC6946_v0_1
NVIC.SysTick_IRQn=true\:0\:0\:false\:false\:true\:false\:true
ProjectManager.LastFirmware=true
ProjectManager.FirmwarePackage=STM32Cube FW_F0 V1.9.0
MxDb.Version=DB.4.0.250
PB0.GPIOParameters=GPIO_Label
PA6.GPIO_PuPd=GPIO_NOPULL
ProjectManager.BackupPrevious=false
MxCube.Version=4.25.0
PB4.GPIO_Label=ANT_LE
SPI1.Mode=SPI_MODE_MASTER
PA14.Mode=Serial_Wire
PB1.GPIO_Label=PLL_STate
SPI1.DataSize=SPI_DATASIZE_8BIT
File.Version=6
VP_SYS_VS_Systick.Mode=SysTick
PB3.GPIOParameters=GPIO_Label
PB7.Signal=GPIO_Output
PA8.Signal=GPIO_Output
NVIC.NonMaskableInt_IRQn=true\:0\:0\:false\:false\:true\:false\:false
PA4.GPIOParameters=GPIO_Label
NVIC.PendSV_IRQn=true\:0\:0\:false\:false\:true\:false\:false
PA13.Mode=Serial_Wire
ProjectManager.FreePins=false
RCC.IPParameters=CECFreq_Value,FamilyName,HSICECFreq_Value,PLLCLKFreq_Value,PLLMCOFreq_Value,TimSysFreq_Value
ProjectManager.AskForMigrate=true
Mcu.Name=STM32F051K4Tx
ProjectManager.HalAssertFull=false
PB0.Locked=true
ProjectManager.ProjectName=LTC6946_v0_1
ProjectManager.UnderRoot=false
RCC.HSICECFreq_Value=32786.88524590164
RCC.PLLMCOFreq_Value=4000000
ProjectManager.CoupleFile=true
PB4.Locked=true
PB7.GPIO_Label=ANT_DATA
PB3.Signal=GPIO_Output
PA4.Signal=COMP_DAC11_group
Mcu.Package=LQFP32
PB5.Signal=GPIO_Output
PB1.Signal=GPIO_Input
PA6.Signal=SPI1_MISO
RCC.TimSysFreq_Value=8000000
NVIC.ForceEnableDMAVector=true
KeepUserPlacement=false
PA13.Locked=true
PA14.Locked=true
ProjectManager.CompilerOptimize=3
ProjectManager.ToolChainLocation=
VP_SYS_VS_Systick.Signal=SYS_VS_Systick
PA10.Signal=USART1_RX
PA14.Signal=SYS_SWCLK
PA15.Signal=GPIO_Output
ProjectManager.HeapSize=0x200
Mcu.Pin15=PB7
NVIC.HardFault_IRQn=true\:0\:0\:false\:false\:true\:false\:false
Mcu.Pin16=VP_SYS_VS_Systick
Mcu.Pin13=PB4
Mcu.Pin14=PB5
ProjectManager.ComputerToolchain=false
Mcu.Pin11=PA15
PB5.GPIO_Label=ANT_CLK
Mcu.Pin12=PB3
Mcu.Pin10=PA14
RCC.CECFreq_Value=32786.88524590164
PB7.Locked=true
SH.COMP_DAC11_group.ConfNb=1
SPI1.BaudRatePrescaler=SPI_BAUDRATEPRESCALER_8
PB0.Signal=GPIO_Output
PA4.GPIO_Label=PHASE_DAC
ProjectManager.CustomerFirmwarePackage=
ProjectManager.DeviceId=STM32F051K4Tx
ProjectManager.LibraryCopy=0
PB3.Locked=true
PB4.Signal=GPIO_Input
PB1.GPIOParameters=GPIO_Label
PA7.Signal=SPI1_MOSI
PA5.Mode=Full_Duplex_Master
PB3.GPIO_Label=DEBUG1
